// !$*UTF8*$!
{
	archiveVersion = 1;
	classes = {
	};
	objectVersion = 50;
	objects = {

/* Begin PBXBuildFile section */
		1624302822CA9C2B0003F441 /* AppDelegate.m in Sources */ = {isa = PBXBuildFile; fileRef = 1624302722CA9C2B0003F441 /* AppDelegate.m */; };
		1624302E22CA9C2C0003F441 /* Main.storyboard in Resources */ = {isa = PBXBuildFile; fileRef = 1624302C22CA9C2B0003F441 /* Main.storyboard */; };
		1624303022CA9C2D0003F441 /* Assets.xcassets in Resources */ = {isa = PBXBuildFile; fileRef = 1624302F22CA9C2D0003F441 /* Assets.xcassets */; };
		1624303322CA9C2D0003F441 /* LaunchScreen.storyboard in Resources */ = {isa = PBXBuildFile; fileRef = 1624303122CA9C2D0003F441 /* LaunchScreen.storyboard */; };
		1624303622CA9C2D0003F441 /* main.m in Sources */ = {isa = PBXBuildFile; fileRef = 1624303522CA9C2D0003F441 /* main.m */; };
		1624303F22CA9C6B0003F441 /* LECEntry.m in Sources */ = {isa = PBXBuildFile; fileRef = 1624303E22CA9C6B0003F441 /* LECEntry.m */; };
		1624304322CA9C830003F441 /* LECEntryController.m in Sources */ = {isa = PBXBuildFile; fileRef = 1624304222CA9C830003F441 /* LECEntryController.m */; };
		1624304722CA9CB80003F441 /* LECEntryListTableViewController.swift in Sources */ = {isa = PBXBuildFile; fileRef = 1624304622CA9CB80003F441 /* LECEntryListTableViewController.swift */; };
		1624304922CA9CC80003F441 /* LECEntryDetailViewController.swift in Sources */ = {isa = PBXBuildFile; fileRef = 1624304822CA9CC80003F441 /* LECEntryDetailViewController.swift */; };
/* End PBXBuildFile section */

/* Begin PBXFileReference section */
		1624302322CA9C2B0003F441 /* JournalOBJC27.app */ = {isa = PBXFileReference; explicitFileType = wrapper.application; includeInIndex = 0; path = JournalOBJC27.app; sourceTree = BUILT_PRODUCTS_DIR; };
		1624302622CA9C2B0003F441 /* AppDelegate.h */ = {isa = PBXFileReference; lastKnownFileType = sourcecode.c.h; path = AppDelegate.h; sourceTree = "<group>"; };
		1624302722CA9C2B0003F441 /* AppDelegate.m */ = {isa = PBXFileReference; lastKnownFileType = sourcecode.c.objc; path = AppDelegate.m; sourceTree = "<group>"; };
		1624302D22CA9C2B0003F441 /* Base */ = {isa = PBXFileReference; lastKnownFileType = file.storyboard; name = Base; path = Base.lproj/Main.storyboard; sourceTree = "<group>"; };
		1624302F22CA9C2D0003F441 /* Assets.xcassets */ = {isa = PBXFileReference; lastKnownFileType = folder.assetcatalog; path = Assets.xcassets; sourceTree = "<group>"; };
		1624303222CA9C2D0003F441 /* Base */ = {isa = PBXFileReference; lastKnownFileType = file.storyboard; name = Base; path = Base.lproj/LaunchScreen.storyboard; sourceTree = "<group>"; };
		1624303422CA9C2D0003F441 /* Info.plist */ = {isa = PBXFileReference; lastKnownFileType = text.plist.xml; path = Info.plist; sourceTree = "<group>"; };
		1624303522CA9C2D0003F441 /* main.m */ = {isa = PBXFileReference; lastKnownFileType = sourcecode.c.objc; path = main.m; sourceTree = "<group>"; };
		1624303D22CA9C6B0003F441 /* LECEntry.h */ = {isa = PBXFileReference; lastKnownFileType = sourcecode.c.h; path = LECEntry.h; sourceTree = "<group>"; };
		1624303E22CA9C6B0003F441 /* LECEntry.m */ = {isa = PBXFileReference; lastKnownFileType = sourcecode.c.objc; path = LECEntry.m; sourceTree = "<group>"; };
		1624304122CA9C830003F441 /* LECEntryController.h */ = {isa = PBXFileReference; lastKnownFileType = sourcecode.c.h; path = LECEntryController.h; sourceTree = "<group>"; };
		1624304222CA9C830003F441 /* LECEntryController.m */ = {isa = PBXFileReference; lastKnownFileType = sourcecode.c.objc; path = LECEntryController.m; sourceTree = "<group>"; };
		1624304522CA9CB70003F441 /* JournalOBJC27-Bridging-Header.h */ = {isa = PBXFileReference; lastKnownFileType = sourcecode.c.h; path = "JournalOBJC27-Bridging-Header.h"; sourceTree = "<group>"; };
		1624304622CA9CB80003F441 /* LECEntryListTableViewController.swift */ = {isa = PBXFileReference; lastKnownFileType = sourcecode.swift; path = LECEntryListTableViewController.swift; sourceTree = "<group>"; };
		1624304822CA9CC80003F441 /* LECEntryDetailViewController.swift */ = {isa = PBXFileReference; lastKnownFileType = sourcecode.swift; path = LECEntryDetailViewController.swift; sourceTree = "<group>"; };
/* End PBXFileReference section */

/* Begin PBXFrameworksBuildPhase section */
		1624302022CA9C2B0003F441 /* Frameworks */ = {
			isa = PBXFrameworksBuildPhase;
			buildActionMask = 2147483647;
			files = (
			);
			runOnlyForDeploymentPostprocessing = 0;
		};
/* End PBXFrameworksBuildPhase section */

/* Begin PBXGroup section */
		1624301A22CA9C2B0003F441 = {
			isa = PBXGroup;
			children = (
				1624302522CA9C2B0003F441 /* JournalOBJC27 */,
				1624302422CA9C2B0003F441 /* Products */,
				1624303C22CA9C3C0003F441 /* Resources */,
			);
			sourceTree = "<group>";
		};
		1624302422CA9C2B0003F441 /* Products */ = {
			isa = PBXGroup;
			children = (
				1624302322CA9C2B0003F441 /* JournalOBJC27.app */,
			);
			name = Products;
			sourceTree = "<group>";
		};
		1624302522CA9C2B0003F441 /* JournalOBJC27 */ = {
			isa = PBXGroup;
			children = (
				1624302C22CA9C2B0003F441 /* Main.storyboard */,
				1624304022CA9C780003F441 /* Models */,
			);
			path = JournalOBJC27;
			sourceTree = "<group>";
		};
		1624303C22CA9C3C0003F441 /* Resources */ = {
			isa = PBXGroup;
			children = (
				1624302622CA9C2B0003F441 /* AppDelegate.h */,
				1624302722CA9C2B0003F441 /* AppDelegate.m */,
				1624302F22CA9C2D0003F441 /* Assets.xcassets */,
				1624303122CA9C2D0003F441 /* LaunchScreen.storyboard */,
				1624303422CA9C2D0003F441 /* Info.plist */,
				1624303522CA9C2D0003F441 /* main.m */,
			);
			path = Resources;
			sourceTree = "<group>";
		};
		1624304022CA9C780003F441 /* Models */ = {
			isa = PBXGroup;
			children = (
				1624303D22CA9C6B0003F441 /* LECEntry.h */,
				1624303E22CA9C6B0003F441 /* LECEntry.m */,
				1624304422CA9C8C0003F441 /* Controllers */,
			);
			path = Models;
			sourceTree = "<group>";
		};
		1624304422CA9C8C0003F441 /* Controllers */ = {
			isa = PBXGroup;
			children = (
				1624304122CA9C830003F441 /* LECEntryController.h */,
				1624304222CA9C830003F441 /* LECEntryController.m */,
				1624304A22CA9CCD0003F441 /* ViewControllers */,
				1624304522CA9CB70003F441 /* JournalOBJC27-Bridging-Header.h */,
			);
			path = Controllers;
			sourceTree = "<group>";
		};
		1624304A22CA9CCD0003F441 /* ViewControllers */ = {
			isa = PBXGroup;
			children = (
				1624304622CA9CB80003F441 /* LECEntryListTableViewController.swift */,
				1624304822CA9CC80003F441 /* LECEntryDetailViewController.swift */,
			);
			path = ViewControllers;
			sourceTree = "<group>";
		};
/* End PBXGroup section */

/* Begin PBXNativeTarget section */
		1624302222CA9C2B0003F441 /* JournalOBJC27 */ = {
			isa = PBXNativeTarget;
			buildConfigurationList = 1624303922CA9C2D0003F441 /* Build configuration list for PBXNativeTarget "JournalOBJC27" */;
			buildPhases = (
				1624301F22CA9C2B0003F441 /* Sources */,
				1624302022CA9C2B0003F441 /* Frameworks */,
				1624302122CA9C2B0003F441 /* Resources */,
			);
			buildRules = (
			);
			dependencies = (
			);
			name = JournalOBJC27;
			productName = JournalOBJC27;
			productReference = 1624302322CA9C2B0003F441 /* JournalOBJC27.app */;
			productType = "com.apple.product-type.application";
		};
/* End PBXNativeTarget section */

/* Begin PBXProject section */
		1624301B22CA9C2B0003F441 /* Project object */ = {
			isa = PBXProject;
			attributes = {
				CLASSPREFIX = LEC;
				LastUpgradeCheck = 1020;
				ORGANIZATIONNAME = "Leah Cluff";
				TargetAttributes = {
					1624302222CA9C2B0003F441 = {
						CreatedOnToolsVersion = 10.2.1;
						LastSwiftMigration = 1020;
					};
				};
			};
			buildConfigurationList = 1624301E22CA9C2B0003F441 /* Build configuration list for PBXProject "JournalOBJC27" */;
			compatibilityVersion = "Xcode 9.3";
			developmentRegion = en;
			hasScannedForEncodings = 0;
			knownRegions = (
				en,
				Base,
			);
			mainGroup = 1624301A22CA9C2B0003F441;
			productRefGroup = 1624302422CA9C2B0003F441 /* Products */;
			projectDirPath = "";
			projectRoot = "";
			targets = (
				1624302222CA9C2B0003F441 /* JournalOBJC27 */,
			);
		};
/* End PBXProject section */

/* Begin PBXResourcesBuildPhase section */
		1624302122CA9C2B0003F441 /* Resources */ = {
			isa = PBXResourcesBuildPhase;
			buildActionMask = 2147483647;
			files = (
				1624303322CA9C2D0003F441 /* LaunchScreen.storyboard in Resources */,
				1624303022CA9C2D0003F441 /* Assets.xcassets in Resources */,
				1624302E22CA9C2C0003F441 /* Main.storyboard in Resources */,
			);
			runOnlyForDeploymentPostprocessing = 0;
		};
/* End PBXResourcesBuildPhase section */

/* Begin PBXSourcesBuildPhase section */
		1624301F22CA9C2B0003F441 /* Sources */ = {
			isa = PBXSourcesBuildPhase;
			buildActionMask = 2147483647;
			files = (
				1624303F22CA9C6B0003F441 /* LECEntry.m in Sources */,
				1624304922CA9CC80003F441 /* LECEntryDetailViewController.swift in Sources */,
				1624304322CA9C830003F441 /* LECEntryController.m in Sources */,
				1624304722CA9CB80003F441 /* LECEntryListTableViewController.swift in Sources */,
				1624303622CA9C2D0003F441 /* main.m in Sources */,
				1624302822CA9C2B0003F441 /* AppDelegate.m in Sources */,
			);
			runOnlyForDeploymentPostprocessing = 0;
		};
/* End PBXSourcesBuildPhase section */

/* Begin PBXVariantGroup section */
		1624302C22CA9C2B0003F441 /* Main.storyboard */ = {
			isa = PBXVariantGroup;
			children = (
				1624302D22CA9C2B0003F441 /* Base */,
			);
			name = Main.storyboard;
			sourceTree = "<group>";
		};
		1624303122CA9C2D0003F441 /* LaunchScreen.storyboard */ = {
			isa = PBXVariantGroup;
			children = (
				1624303222CA9C2D0003F441 /* Base */,
			);
			name = LaunchScreen.storyboard;
			sourceTree = "<group>";
		};
/* End PBXVariantGroup section */

/* Begin XCBuildConfiguration section */
		1624303722CA9C2D0003F441 /* Debug */ = {
			isa = XCBuildConfiguration;
			buildSettings = {
				ALWAYS_SEARCH_USER_PATHS = NO;
				CLANG_ANALYZER_NONNULL = YES;
				CLANG_ANALYZER_NUMBER_OBJECT_CONVERSION = YES_AGGRESSIVE;
				CLANG_CXX_LANGUAGE_STANDARD = "gnu++14";
				CLANG_CXX_LIBRARY = "libc++";
				CLANG_ENABLE_MODULES = YES;
				CLANG_ENABLE_OBJC_ARC = YES;
				CLANG_ENABLE_OBJC_WEAK = YES;
				CLANG_WARN_BLOCK_CAPTURE_AUTORELEASING = YES;
				CLANG_WARN_BOOL_CONVERSION = YES;
				CLANG_WARN_COMMA = YES;
				CLANG_WARN_CONSTANT_CONVERSION = YES;
				CLANG_WARN_DEPRECATED_OBJC_IMPLEMENTATIONS = YES;
				CLANG_WARN_DIRECT_OBJC_ISA_USAGE = YES_ERROR;
				CLANG_WARN_DOCUMENTATION_COMMENTS = YES;
				CLANG_WARN_EMPTY_BODY = YES;
				CLANG_WARN_ENUM_CONVERSION = YES;
				CLANG_WARN_INFINITE_RECURSION = YES;
				CLANG_WARN_INT_CONVERSION = YES;
				CLANG_WARN_NON_LITERAL_NULL_CONVERSION = YES;
				CLANG_WARN_OBJC_IMPLICIT_RETAIN_SELF = YES;
				CLANG_WARN_OBJC_LITERAL_CONVERSION = YES;
				CLANG_WARN_OBJC_ROOT_CLASS = YES_ERROR;
				CLANG_WARN_RANGE_LOOP_ANALYSIS = YES;
				CLANG_WARN_STRICT_PROTOTYPES = YES;
				CLANG_WARN_SUSPICIOUS_MOVE = YES;
				CLANG_WARN_UNGUARDED_AVAILABILITY = YES_AGGRESSIVE;
				CLANG_WARN_UNREACHABLE_CODE = YES;
				CLANG_WARN__DUPLICATE_METHOD_MATCH = YES;
				CODE_SIGN_IDENTITY = "iPhone Developer";
				COPY_PHASE_STRIP = NO;
				DEBUG_INFORMATION_FORMAT = dwarf;
				ENABLE_STRICT_OBJC_MSGSEND = YES;
				ENABLE_TESTABILITY = YES;
				GCC_C_LANGUAGE_STANDARD = gnu11;
				GCC_DYNAMIC_NO_PIC = NO;
				GCC_NO_COMMON_BLOCKS = YES;
				GCC_OPTIMIZATION_LEVEL = 0;
				GCC_PREPROCESSOR_DEFINITIONS = (
					"DEBUG=1",
					"$(inherited)",
				);
				GCC_WARN_64_TO_32_BIT_CONVERSION = YES;
				GCC_WARN_ABOUT_RETURN_TYPE = YES_ERROR;
				GCC_WARN_UNDECLARED_SELECTOR = YES;
				GCC_WARN_UNINITIALIZED_AUTOS = YES_AGGRESSIVE;
				GCC_WARN_UNUSED_FUNCTION = YES;
				GCC_WARN_UNUSED_VARIABLE = YES;
				IPHONEOS_DEPLOYMENT_TARGET = 12.2;
				MTL_ENABLE_DEBUG_INFO = INCLUDE_SOURCE;
				MTL_FAST_MATH = YES;
				ONLY_ACTIVE_ARCH = YES;
				SDKROOT = iphoneos;
			};
			name = Debug;
		};
		1624303822CA9C2D0003F441 /* Release */ = {
			isa = XCBuildConfiguration;
			buildSettings = {
				ALWAYS_SEARCH_USER_PATHS = NO;
				CLANG_ANALYZER_NONNULL = YES;
				CLANG_ANALYZER_NUMBER_OBJECT_CONVERSION = YES_AGGRESSIVE;
				CLANG_CXX_LANGUAGE_STANDARD = "gnu++14";
				CLANG_CXX_LIBRARY = "libc++";
				CLANG_ENABLE_MODULES = YES;
				CLANG_ENABLE_OBJC_ARC = YES;
				CLANG_ENABLE_OBJC_WEAK = YES;
				CLANG_WARN_BLOCK_CAPTURE_AUTORELEASING = YES;
				CLANG_WARN_BOOL_CONVERSION = YES;
				CLANG_WARN_COMMA = YES;
				CLANG_WARN_CONSTANT_CONVERSION = YES;
				CLANG_WARN_DEPRECATED_OBJC_IMPLEMENTATIONS = YES;
				CLANG_WARN_DIRECT_OBJC_ISA_USAGE = YES_ERROR;
				CLANG_WARN_DOCUMENTATION_COMMENTS = YES;
				CLANG_WARN_EMPTY_BODY = YES;
				CLANG_WARN_ENUM_CONVERSION = YES;
				CLANG_WARN_INFINITE_RECURSION = YES;
				CLANG_WARN_INT_CONVERSION = YES;
				CLANG_WARN_NON_LITERAL_NULL_CONVERSION = YES;
				CLANG_WARN_OBJC_IMPLICIT_RETAIN_SELF = YES;
				CLANG_WARN_OBJC_LITERAL_CONVERSION = YES;
				CLANG_WARN_OBJC_ROOT_CLASS = YES_ERROR;
				CLANG_WARN_RANGE_LOOP_ANALYSIS = YES;
				CLANG_WARN_STRICT_PROTOTYPES = YES;
				CLANG_WARN_SUSPICIOUS_MOVE = YES;
				CLANG_WARN_UNGUARDED_AVAILABILITY = YES_AGGRESSIVE;
				CLANG_WARN_UNREACHABLE_CODE = YES;
				CLANG_WARN__DUPLICATE_METHOD_MATCH = YES;
				CODE_SIGN_IDENTITY = "iPhone Developer";
				COPY_PHASE_STRIP = NO;
				DEBUG_INFORMATION_FORMAT = "dwarf-with-dsym";
				ENABLE_NS_ASSERTIONS = NO;
				ENABLE_STRICT_OBJC_MSGSEND = YES;
				GCC_C_LANGUAGE_STANDARD = gnu11;
				GCC_NO_COMMON_BLOCKS = YES;
				GCC_WARN_64_TO_32_BIT_CONVERSION = YES;
				GCC_WARN_ABOUT_RETURN_TYPE = YES_ERROR;
				GCC_WARN_UNDECLARED_SELECTOR = YES;
				GCC_WARN_UNINITIALIZED_AUTOS = YES_AGGRESSIVE;
				GCC_WARN_UNUSED_FUNCTION = YES;
				GCC_WARN_UNUSED_VARIABLE = YES;
				IPHONEOS_DEPLOYMENT_TARGET = 12.2;
				MTL_ENABLE_DEBUG_INFO = NO;
				MTL_FAST_MATH = YES;
				SDKROOT = iphoneos;
				VALIDATE_PRODUCT = YES;
			};
			name = Release;
		};
		1624303A22CA9C2D0003F441 /* Debug */ = {
			isa = XCBuildConfiguration;
			buildSettings = {
				ASSETCATALOG_COMPILER_APPICON_NAME = AppIcon;
				CLANG_ENABLE_MODULES = YES;
				CODE_SIGN_STYLE = Automatic;
				DEVELOPMENT_TEAM = C3BD4H8DKG;
				INFOPLIST_FILE = "$(SRCROOT)/Resources/Info.plist";
				LD_RUNPATH_SEARCH_PATHS = (
					"$(inherited)",
					"@executable_path/Frameworks",
				);
				PRODUCT_BUNDLE_IDENTIFIER = "Leah-Cluff.JournalOBJC27";
				PRODUCT_NAME = "$(TARGET_NAME)";
				SWIFT_OBJC_BRIDGING_HEADER = "JournalOBJC27/Models/Controllers/JournalOBJC27-Bridging-Header.h";
				SWIFT_OPTIMIZATION_LEVEL = "-Onone";
				SWIFT_VERSION = 5.0;
				TARGETED_DEVICE_FAMILY = "1,2";
			};
			name = Debug;
		};
		1624303B22CA9C2D0003F441 /* Release */ = {
			isa = XCBuildConfiguration;
			buildSettings = {
				ASSETCATALOG_COMPILER_APPICON_NAME = AppIcon;
				CLANG_ENABLE_MODULES = YES;
				CODE_SIGN_STYLE = Automatic;
				DEVELOPMENT_TEAM = C3BD4H8DKG;
				INFOPLIST_FILE = "$(SRCROOT)/Resources/Info.plist";
				LD_RUNPATH_SEARCH_PATHS = (
					"$(inherited)",
					"@executable_path/Frameworks",
				);
				PRODUCT_BUNDLE_IDENTIFIER = "Leah-Cluff.JournalOBJC27";
				PRODUCT_NAME = "$(TARGET_NAME)";
				SWIFT_OBJC_BRIDGING_HEADER = "JournalOBJC27/Models/Controllers/JournalOBJC27-Bridging-Header.h";
				SWIFT_VERSION = 5.0;
				TARGETED_DEVICE_FAMILY = "1,2";
			};
			name = Release;
		};
/* End XCBuildConfiguration section */

/* Begin XCConfigurationList section */
		1624301E22CA9C2B0003F441 /* Build configuration list for PBXProject "JournalOBJC27" */ = {
			isa = XCConfigurationList;
			buildConfigurations = (
				1624303722CA9C2D0003F441 /* Debug */,
				1624303822CA9C2D0003F441 /* Release */,
			);
			defaultConfigurationIsVisible = 0;
			defaultConfigurationName = Release;
		};
		1624303922CA9C2D0003F441 /* Build configuration list for PBXNativeTarget "JournalOBJC27" */ = {
			isa = XCConfigurationList;
			buildConfigurations = (
				1624303A22CA9C2D0003F441 /* Debug */,
				1624303B22CA9C2D0003F441 /* Release */,
			);
			defaultConfigurationIsVisible = 0;
			defaultConfigurationName = Release;
		};
/* End XCConfigurationList section */
	};
	rootObject = 1624301B22CA9C2B0003F441 /* Project object */;
}
